dependencies:
- name: mysql
  repository: file://charts/mysql
  version: 0.1.0
- name: redis
  repository: file://charts/redis
  version: 0.1.0
- name: consul
  repository: https://helm.releases.hashicorp.com
  version: 0.42.0
- name: designer
  repository: file://charts/designer
  version: 0.1.0
- name: gateway
  repository: file://charts/gateway
  version: 0.1.0
- name: runtime
  repository: file://charts/runtime
  version: 0.1.0
- name: signon
  repository: file://charts/signon
  version: 0.1.0
- name: static
  repository: file://charts/static
  version: 0.1.0
digest: sha256:763acda6d19c7b1d7133b43cab603867638a4abb66fb014f0235457f325073fd
generated: "2022-06-02T22:53:35.7236106+08:00"
